// !$*UTF8*$!
{
	archiveVersion = 1;
	classes = {
	};
	objectVersion = 77;
	objects = {

/* Begin PBXBuildFile section */
		DD041F312EEE475E00AE19C3 /* Localizable.xcstrings in Resources */ = {isa = PBXBuildFile; fileRef = DD041F302EEE475E00AE19C3 /* Localizable.xcstrings */; };
		DD041F382EEE4B8F00AE19C3 /* ControllerVisualizer.swift in Sources */ = {isa = PBXBuildFile; fileRef = DD041F372EEE4B8F00AE19C3 /* ControllerVisualizer.swift */; };
		DD6F52E02EF78E0E00B3BAF9 /* com.jonasw8.XboxControllerApp.driver.dext in CopyFiles */ = {isa = PBXBuildFile; fileRef = DD6F52DC2EF78D7800B3BAF9 /* com.jonasw8.XboxControllerApp.driver.dext */; settings = {ATTRIBUTES = (RemoveHeadersOnCopy, ); }; };
/* End PBXBuildFile section */

/* Begin PBXContainerItemProxy section */
		DD6F52DB2EF78D7800B3BAF9 /* PBXContainerItemProxy */ = {
			isa = PBXContainerItemProxy;
			containerPortal = DD6F52CB2EF78D7800B3BAF9 /* xboxcontrollerdriver.xcodeproj */;
			proxyType = 2;
			remoteGlobalIDString = DDBDE7BB2EF768A300B20291;
			remoteInfo = xboxcontrollerdriver;
		};
		DD6F52DD2EF78DAC00B3BAF9 /* PBXContainerItemProxy */ = {
			isa = PBXContainerItemProxy;
			containerPortal = DD6F52CB2EF78D7800B3BAF9 /* xboxcontrollerdriver.xcodeproj */;
			proxyType = 1;
			remoteGlobalIDString = DDBDE7BA2EF768A300B20291;
			remoteInfo = xboxcontrollerdriver;
		};
/* End PBXContainerItemProxy section */

/* Begin PBXCopyFilesBuildPhase section */
		DD6F52DF2EF78DE600B3BAF9 /* CopyFiles */ = {
			isa = PBXCopyFilesBuildPhase;
			buildActionMask = 2147483647;
			dstPath = "$(SYSTEM_EXTENSIONS_FOLDER_PATH)";
			dstSubfolderSpec = 16;
			files = (
				DD6F52E02EF78E0E00B3BAF9 /* com.jonasw8.XboxControllerApp.driver.dext in CopyFiles */,
			);
			runOnlyForDeploymentPostprocessing = 0;
		};
/* End PBXCopyFilesBuildPhase section */

/* Begin PBXFileReference section */
		DD041F222EEE470100AE19C3 /* XboxControllerApp.app */ = {isa = PBXFileReference; explicitFileType = wrapper.application; includeInIndex = 0; path = XboxControllerApp.app; sourceTree = BUILT_PRODUCTS_DIR; };
		DD041F302EEE475E00AE19C3 /* Localizable.xcstrings */ = {isa = PBXFileReference; lastKnownFileType = text.json.xcstrings; path = Localizable.xcstrings; sourceTree = "<group>"; };
		DD041F372EEE4B8F00AE19C3 /* ControllerVisualizer.swift */ = {isa = PBXFileReference; lastKnownFileType = sourcecode.swift; path = ControllerVisualizer.swift; sourceTree = "<group>"; };
		DD6F52CB2EF78D7800B3BAF9 /* xboxcontrollerdriver.xcodeproj */ = {isa = PBXFileReference; lastKnownFileType = "wrapper.pb-project"; name = xboxcontrollerdriver.xcodeproj; path = xboxcontrollerdriver/xboxcontrollerdriver.xcodeproj; sourceTree = "<group>"; };
/* End PBXFileReference section */

/* Begin PBXFileSystemSynchronizedBuildFileExceptionSet section */
		DD6F52E22EF78FE500B3BAF9 /* Exceptions for "XboxControllerApp" folder in "XboxControllerApp" target */ = {
			isa = PBXFileSystemSynchronizedBuildFileExceptionSet;
			membershipExceptions = (
				Info.plist,
			);
			target = DD041F212EEE470100AE19C3 /* XboxControllerApp */;
		};
/* End PBXFileSystemSynchronizedBuildFileExceptionSet section */

/* Begin PBXFileSystemSynchronizedRootGroup section */
		DD041F242EEE470100AE19C3 /* XboxControllerApp */ = {
			isa = PBXFileSystemSynchronizedRootGroup;
			exceptions = (
				DD6F52E22EF78FE500B3BAF9 /* Exceptions for "XboxControllerApp" folder in "XboxControllerApp" target */,
			);
			path = XboxControllerApp;
			sourceTree = "<group>";
		};
/* End PBXFileSystemSynchronizedRootGroup section */

/* Begin PBXFrameworksBuildPhase section */
		DD041F1F2EEE470100AE19C3 /* Frameworks */ = {
			isa = PBXFrameworksBuildPhase;
			buildActionMask = 2147483647;
			files = (
			);
			runOnlyForDeploymentPostprocessing = 0;
		};
/* End PBXFrameworksBuildPhase section */

/* Begin PBXGroup section */
		DD041F192EEE470100AE19C3 = {
			isa = PBXGroup;
			children = (
				DD6F52CB2EF78D7800B3BAF9 /* xboxcontrollerdriver.xcodeproj */,
				DD041F362EEE4B5900AE19C3 /* UI */,
				DD041F302EEE475E00AE19C3 /* Localizable.xcstrings */,
				DD041F242EEE470100AE19C3 /* XboxControllerApp */,
				DD041F232EEE470100AE19C3 /* Products */,
			);
			sourceTree = "<group>";
		};
		DD041F232EEE470100AE19C3 /* Products */ = {
			isa = PBXGroup;
			children = (
				DD041F222EEE470100AE19C3 /* XboxControllerApp.app */,
			);
			name = Products;
			sourceTree = "<group>";
		};
		DD041F362EEE4B5900AE19C3 /* UI */ = {
			isa = PBXGroup;
			children = (
				DD041F372EEE4B8F00AE19C3 /* ControllerVisualizer.swift */,
			);
			path = UI;
			sourceTree = "<group>";
		};
		DD6F52CC2EF78D7800B3BAF9 /* Products */ = {
			isa = PBXGroup;
			children = (
				DD6F52DC2EF78D7800B3BAF9 /* com.jonasw8.XboxControllerApp.driver.dext */,
			);
			name = Products;
			sourceTree = "<group>";
		};
/* End PBXGroup section */

/* Begin PBXNativeTarget section */
		DD041F212EEE470100AE19C3 /* XboxControllerApp */ = {
			isa = PBXNativeTarget;
			buildConfigurationList = DD041F2D2EEE470300AE19C3 /* Build configuration list for PBXNativeTarget "XboxControllerApp" */;
			buildPhases = (
				DD041F1E2EEE470100AE19C3 /* Sources */,
				DD041F1F2EEE470100AE19C3 /* Frameworks */,
				DD041F202EEE470100AE19C3 /* Resources */,
				DD6F52DF2EF78DE600B3BAF9 /* CopyFiles */,
			);
			buildRules = (
			);
			dependencies = (
				DD6F52DE2EF78DAC00B3BAF9 /* PBXTargetDependency */,
			);
			fileSystemSynchronizedGroups = (
				DD041F242EEE470100AE19C3 /* XboxControllerApp */,
			);
			name = XboxControllerApp;
			packageProductDependencies = (
			);
			productName = XboxControllerApp;
			productReference = DD041F222EEE470100AE19C3 /* XboxControllerApp.app */;
			productType = "com.apple.product-type.application";
		};
/* End PBXNativeTarget section */

/* Begin PBXProject section */
		DD041F1A2EEE470100AE19C3 /* Project object */ = {
			isa = PBXProject;
			attributes = {
				BuildIndependentTargetsInParallel = 1;
				LastSwiftUpdateCheck = 2610;
				LastUpgradeCheck = 2610;
				TargetAttributes = {
					DD041F212EEE470100AE19C3 = {
						CreatedOnToolsVersion = 26.1.1;
					};
				};
			};
			buildConfigurationList = DD041F1D2EEE470100AE19C3 /* Build configuration list for PBXProject "XboxControllerApp" */;
			developmentRegion = "pt-BR";
			hasScannedForEncodings = 0;
			knownRegions = (
				en,
				Base,
				"pt-BR",
			);
			mainGroup = DD041F192EEE470100AE19C3;
			minimizedProjectReferenceProxies = 1;
			preferredProjectObjectVersion = 77;
			productRefGroup = DD041F232EEE470100AE19C3 /* Products */;
			projectDirPath = "";
			projectReferences = (
				{
					ProductGroup = DD6F52CC2EF78D7800B3BAF9 /* Products */;
					ProjectRef = DD6F52CB2EF78D7800B3BAF9 /* xboxcontrollerdriver.xcodeproj */;
				},
			);
			projectRoot = "";
			targets = (
				DD041F212EEE470100AE19C3 /* XboxControllerApp */,
			);
		};
/* End PBXProject section */

/* Begin PBXReferenceProxy section */
		DD6F52DC2EF78D7800B3BAF9 /* com.jonasw8.XboxControllerApp.driver.dext */ = {
			isa = PBXReferenceProxy;
			fileType = "wrapper.driver-extension";
			path = com.jonasw8.XboxControllerApp.driver.dext;
			remoteRef = DD6F52DB2EF78D7800B3BAF9 /* PBXContainerItemProxy */;
			sourceTree = BUILT_PRODUCTS_DIR;
		};
/* End PBXReferenceProxy section */

/* Begin PBXResourcesBuildPhase section */
		DD041F202EEE470100AE19C3 /* Resources */ = {
			isa = PBXResourcesBuildPhase;
			buildActionMask = 2147483647;
			files = (
				DD041F312EEE475E00AE19C3 /* Localizable.xcstrings in Resources */,
			);
			runOnlyForDeploymentPostprocessing = 0;
		};
/* End PBXResourcesBuildPhase section */

/* Begin PBXSourcesBuildPhase section */
		DD041F1E2EEE470100AE19C3 /* Sources */ = {
			isa = PBXSourcesBuildPhase;
			buildActionMask = 2147483647;
			files = (
				DD041F382EEE4B8F00AE19C3 /* ControllerVisualizer.swift in Sources */,
			);
			runOnlyForDeploymentPostprocessing = 0;
		};
/* End PBXSourcesBuildPhase section */

/* Begin PBXTargetDependency section */
		DD6F52DE2EF78DAC00B3BAF9 /* PBXTargetDependency */ = {
			isa = PBXTargetDependency;
			name = xboxcontrollerdriver;
			targetProxy = DD6F52DD2EF78DAC00B3BAF9 /* PBXContainerItemProxy */;
		};
/* End PBXTargetDependency section */

/* Begin XCBuildConfiguration section */
		DD041F2B2EEE470300AE19C3 /* Debug */ = {
			isa = XCBuildConfiguration;
			buildSettings = {
				ALWAYS_SEARCH_USER_PATHS = NO;
				ASSETCATALOG_COMPILER_GENERATE_SWIFT_ASSET_SYMBOL_EXTENSIONS = YES;
				CLANG_ANALYZER_NONNULL = YES;
				CLANG_ANALYZER_NUMBER_OBJECT_CONVERSION = YES_AGGRESSIVE;
				CLANG_CXX_LANGUAGE_STANDARD = "gnu++20";
				CLANG_ENABLE_MODULES = YES;
				CLANG_ENABLE_OBJC_ARC = YES;
				CLANG_ENABLE_OBJC_WEAK = YES;
				CLANG_WARN_BLOCK_CAPTURE_AUTORELEASING = YES;
				CLANG_WARN_BOOL_CONVERSION = YES;
				CLANG_WARN_COMMA = YES;
				CLANG_WARN_CONSTANT_CONVERSION = YES;
				CLANG_WARN_DEPRECATED_OBJC_IMPLEMENTATIONS = YES;
				CLANG_WARN_DIRECT_OBJC_ISA_USAGE = YES_ERROR;
				CLANG_WARN_DOCUMENTATION_COMMENTS = YES;
				CLANG_WARN_EMPTY_BODY = YES;
				CLANG_WARN_ENUM_CONVERSION = YES;
				CLANG_WARN_INFINITE_RECURSION = YES;
				CLANG_WARN_INT_CONVERSION = YES;
				CLANG_WARN_NON_LITERAL_NULL_CONVERSION = YES;
				CLANG_WARN_OBJC_IMPLICIT_RETAIN_SELF = YES;
				CLANG_WARN_OBJC_LITERAL_CONVERSION = YES;
				CLANG_WARN_OBJC_ROOT_CLASS = YES_ERROR;
				CLANG_WARN_QUOTED_INCLUDE_IN_FRAMEWORK_HEADER = YES;
				CLANG_WARN_RANGE_LOOP_ANALYSIS = YES;
				CLANG_WARN_STRICT_PROTOTYPES = YES;
				CLANG_WARN_SUSPICIOUS_MOVE = YES;
				CLANG_WARN_UNGUARDED_AVAILABILITY = YES_AGGRESSIVE;
				CLANG_WARN_UNREACHABLE_CODE = YES;
				CLANG_WARN__DUPLICATE_METHOD_MATCH = YES;
				CODE_SIGN_IDENTITY = "";
				CODE_SIGN_STYLE = Manual;
				COPY_PHASE_STRIP = NO;
				DEBUG_INFORMATION_FORMAT = dwarf;
				ENABLE_STRICT_OBJC_MSGSEND = YES;
				ENABLE_TESTABILITY = YES;
				ENABLE_USER_SCRIPT_SANDBOXING = YES;
				GCC_C_LANGUAGE_STANDARD = gnu17;
				GCC_DYNAMIC_NO_PIC = NO;
				GCC_NO_COMMON_BLOCKS = YES;
				GCC_OPTIMIZATION_LEVEL = 0;
				GCC_PREPROCESSOR_DEFINITIONS = (
					"DEBUG=1",
					"$(inherited)",
				);
				GCC_WARN_64_TO_32_BIT_CONVERSION = YES;
				GCC_WARN_ABOUT_RETURN_TYPE = YES_ERROR;
				GCC_WARN_UNDECLARED_SELECTOR = YES;
				GCC_WARN_UNINITIALIZED_AUTOS = YES_AGGRESSIVE;
				GCC_WARN_UNUSED_FUNCTION = YES;
				GCC_WARN_UNUSED_VARIABLE = YES;
				LOCALIZATION_PREFERS_STRING_CATALOGS = YES;
				MACOSX_DEPLOYMENT_TARGET = 15.7;
				MTL_ENABLE_DEBUG_INFO = INCLUDE_SOURCE;
				MTL_FAST_MATH = YES;
				ONLY_ACTIVE_ARCH = YES;
				SDKROOT = macosx;
				SWIFT_ACTIVE_COMPILATION_CONDITIONS = "DEBUG $(inherited)";
				SWIFT_EMIT_LOC_STRINGS = YES;
				SWIFT_OPTIMIZATION_LEVEL = "-Onone";
			};
			name = Debug;
		};
		DD041F2C2EEE470300AE19C3 /* Release */ = {
			isa = XCBuildConfiguration;
			buildSettings = {
				ALWAYS_SEARCH_USER_PATHS = NO;
				ASSETCATALOG_COMPILER_GENERATE_SWIFT_ASSET_SYMBOL_EXTENSIONS = YES;
				CLANG_ANALYZER_NONNULL = YES;
				CLANG_ANALYZER_NUMBER_OBJECT_CONVERSION = YES_AGGRESSIVE;
				CLANG_CXX_LANGUAGE_STANDARD = "gnu++20";
				CLANG_ENABLE_MODULES = YES;
				CLANG_ENABLE_OBJC_ARC = YES;
				CLANG_ENABLE_OBJC_WEAK = YES;
				CLANG_WARN_BLOCK_CAPTURE_AUTORELEASING = YES;
				CLANG_WARN_BOOL_CONVERSION = YES;
				CLANG_WARN_COMMA = YES;
				CLANG_WARN_CONSTANT_CONVERSION = YES;
				CLANG_WARN_DEPRECATED_OBJC_IMPLEMENTATIONS = YES;
				CLANG_WARN_DIRECT_OBJC_ISA_USAGE = YES_ERROR;
				CLANG_WARN_DOCUMENTATION_COMMENTS = YES;
				CLANG_WARN_EMPTY_BODY = YES;
				CLANG_WARN_ENUM_CONVERSION = YES;
				CLANG_WARN_INFINITE_RECURSION = YES;
				CLANG_WARN_INT_CONVERSION = YES;
				CLANG_WARN_NON_LITERAL_NULL_CONVERSION = YES;
				CLANG_WARN_OBJC_IMPLICIT_RETAIN_SELF = YES;
				CLANG_WARN_OBJC_LITERAL_CONVERSION = YES;
				CLANG_WARN_OBJC_ROOT_CLASS = YES_ERROR;
				CLANG_WARN_QUOTED_INCLUDE_IN_FRAMEWORK_HEADER = YES;
				CLANG_WARN_RANGE_LOOP_ANALYSIS = YES;
				CLANG_WARN_STRICT_PROTOTYPES = YES;
				CLANG_WARN_SUSPICIOUS_MOVE = YES;
				CLANG_WARN_UNGUARDED_AVAILABILITY = YES_AGGRESSIVE;
				CLANG_WARN_UNREACHABLE_CODE = YES;
				CLANG_WARN__DUPLICATE_METHOD_MATCH = YES;
				CODE_SIGN_IDENTITY = "";
				CODE_SIGN_STYLE = Manual;
				COPY_PHASE_STRIP = NO;
				DEBUG_INFORMATION_FORMAT = "dwarf-with-dsym";
				ENABLE_NS_ASSERTIONS = NO;
				ENABLE_STRICT_OBJC_MSGSEND = YES;
				ENABLE_USER_SCRIPT_SANDBOXING = YES;
				GCC_C_LANGUAGE_STANDARD = gnu17;
				GCC_NO_COMMON_BLOCKS = YES;
				GCC_WARN_64_TO_32_BIT_CONVERSION = YES;
				GCC_WARN_ABOUT_RETURN_TYPE = YES_ERROR;
				GCC_WARN_UNDECLARED_SELECTOR = YES;
				GCC_WARN_UNINITIALIZED_AUTOS = YES_AGGRESSIVE;
				GCC_WARN_UNUSED_FUNCTION = YES;
				GCC_WARN_UNUSED_VARIABLE = YES;
				LOCALIZATION_PREFERS_STRING_CATALOGS = YES;
				MACOSX_DEPLOYMENT_TARGET = 15.7;
				MTL_ENABLE_DEBUG_INFO = NO;
				MTL_FAST_MATH = YES;
				SDKROOT = macosx;
				SWIFT_COMPILATION_MODE = wholemodule;
				SWIFT_EMIT_LOC_STRINGS = YES;
			};
			name = Release;
		};
		DD041F2E2EEE470300AE19C3 /* Debug */ = {
			isa = XCBuildConfiguration;
			buildSettings = {
				ASSETCATALOG_COMPILER_APPICON_NAME = AppIcon;
				ASSETCATALOG_COMPILER_GLOBAL_ACCENT_COLOR_NAME = AccentColor;
				CODE_SIGN_ENTITLEMENTS = XboxControllerApp/XboxControllerApp.entitlements;
				CODE_SIGN_IDENTITY = "";
				CODE_SIGN_STYLE = Manual;
				COMBINE_HIDPI_IMAGES = YES;
				CURRENT_PROJECT_VERSION = 1;
				DEVELOPMENT_TEAM = T395SRU2FB;
				ENABLE_APP_SANDBOX = YES;
				ENABLE_PREVIEWS = YES;
				ENABLE_USER_SELECTED_FILES = readonly;
				GENERATE_INFOPLIST_FILE = YES;
				INFOPLIST_FILE = XboxControllerApp/Info.plist;
				INFOPLIST_KEY_NSHumanReadableCopyright = "";
				LD_RUNPATH_SEARCH_PATHS = (
					"$(inherited)",
					"@executable_path/../Frameworks",
				);
				MARKETING_VERSION = 1.0;
				PRODUCT_BUNDLE_IDENTIFIER = com.jonasw8.XboxControllerApp;
				PRODUCT_NAME = "$(TARGET_NAME)";
				REGISTER_APP_GROUPS = YES;
				STRING_CATALOG_GENERATE_SYMBOLS = YES;
				SWIFT_APPROACHABLE_CONCURRENCY = YES;
				SWIFT_DEFAULT_ACTOR_ISOLATION = MainActor;
				SWIFT_EMIT_LOC_STRINGS = YES;
				SWIFT_UPCOMING_FEATURE_MEMBER_IMPORT_VISIBILITY = YES;
				SWIFT_VERSION = 5.0;
			};
			name = Debug;
		};
		DD041F2F2EEE470300AE19C3 /* Release */ = {
			isa = XCBuildConfiguration;
			buildSettings = {
				ASSETCATALOG_COMPILER_APPICON_NAME = AppIcon;
				ASSETCATALOG_COMPILER_GLOBAL_ACCENT_COLOR_NAME = AccentColor;
				CODE_SIGN_ENTITLEMENTS = XboxControllerApp/XboxControllerApp.entitlements;
				CODE_SIGN_IDENTITY = "";
				CODE_SIGN_STYLE = Manual;
				COMBINE_HIDPI_IMAGES = YES;
				CURRENT_PROJECT_VERSION = 1;
				DEVELOPMENT_TEAM = T395SRU2FB;
				ENABLE_APP_SANDBOX = YES;
				ENABLE_PREVIEWS = YES;
				ENABLE_USER_SELECTED_FILES = readonly;
				GENERATE_INFOPLIST_FILE = YES;
				INFOPLIST_FILE = XboxControllerApp/Info.plist;
				INFOPLIST_KEY_NSHumanReadableCopyright = "";
				LD_RUNPATH_SEARCH_PATHS = (
					"$(inherited)",
					"@executable_path/../Frameworks",
				);
				MARKETING_VERSION = 1.0;
				PRODUCT_BUNDLE_IDENTIFIER = com.jonasw8.XboxControllerApp;
				PRODUCT_NAME = "$(TARGET_NAME)";
				REGISTER_APP_GROUPS = YES;
				STRING_CATALOG_GENERATE_SYMBOLS = YES;
				SWIFT_APPROACHABLE_CONCURRENCY = YES;
				SWIFT_DEFAULT_ACTOR_ISOLATION = MainActor;
				SWIFT_EMIT_LOC_STRINGS = YES;
				SWIFT_UPCOMING_FEATURE_MEMBER_IMPORT_VISIBILITY = YES;
				SWIFT_VERSION = 5.0;
			};
			name = Release;
		};
/* End XCBuildConfiguration section */

/* Begin XCConfigurationList section */
		DD041F1D2EEE470100AE19C3 /* Build configuration list for PBXProject "XboxControllerApp" */ = {
			isa = XCConfigurationList;
			buildConfigurations = (
				DD041F2B2EEE470300AE19C3 /* Debug */,
				DD041F2C2EEE470300AE19C3 /* Release */,
			);
			defaultConfigurationIsVisible = 0;
			defaultConfigurationName = Release;
		};
		DD041F2D2EEE470300AE19C3 /* Build configuration list for PBXNativeTarget "XboxControllerApp" */ = {
			isa = XCConfigurationList;
			buildConfigurations = (
				DD041F2E2EEE470300AE19C3 /* Debug */,
				DD041F2F2EEE470300AE19C3 /* Release */,
			);
			defaultConfigurationIsVisible = 0;
			defaultConfigurationName = Release;
		};
/* End XCConfigurationList section */
	};
	rootObject = DD041F1A2EEE470100AE19C3 /* Project object */;
}
